
Microsoft Visual Studio Solution File, Format Version 12.00
# Visual Studio 15
VisualStudioVersion = 15.0.28307.1062
MinimumVisualStudioVersion = 10.0.40219.1
Project("{FAE04EC0-301F-11D3-BF4B-00C04F79EFBC}") = "LibraryDemos", "LibraryDemos\LibraryDemos.csproj", "{50BAEB62-EA47-4291-8423-F4EE5FE7AF33}"
EndProject
Project("{FAE04EC0-301F-11D3-BF4B-00C04F79EFBC}") = "LibNoise", "LibNoise\LibNoise.csproj", "{10B796E5-A750-4778-BEF9-6F9DF96210B5}"
EndProject
Project("{FAE04EC0-301F-11D3-BF4B-00C04F79EFBC}") = "LTree", "LTree\LTree.csproj", "{846E3BC1-1D47-4A33-9D52-17E4B6E5DF1F}"
EndProject
Project("{FAE04EC0-301F-11D3-BF4B-00C04F79EFBC}") = "Quake3", "Quake3\Quake3.csproj", "{17619BF0-C665-495B-9A9F-DB8845F4A6A1}"
EndProject
Global
	GlobalSection(SolutionConfigurationPlatforms) = preSolution
		Debug|Any CPU = Debug|Any CPU
		Debug|x86 = Debug|x86
		Release|Any CPU = Release|Any CPU
		Release|x86 = Release|x86
	EndGlobalSection
	GlobalSection(ProjectConfigurationPlatforms) = postSolution
		{50BAEB62-EA47-4291-8423-F4EE5FE7AF33}.Debug|Any CPU.ActiveCfg = Debug|x86
		{50BAEB62-EA47-4291-8423-F4EE5FE7AF33}.Debug|x86.ActiveCfg = Debug|x86
		{50BAEB62-EA47-4291-8423-F4EE5FE7AF33}.Debug|x86.Build.0 = Debug|x86
		{50BAEB62-EA47-4291-8423-F4EE5FE7AF33}.Release|Any CPU.ActiveCfg = Release|x86
		{50BAEB62-EA47-4291-8423-F4EE5FE7AF33}.Release|x86.ActiveCfg = Release|x86
		{50BAEB62-EA47-4291-8423-F4EE5FE7AF33}.Release|x86.Build.0 = Release|x86
		{10B796E5-A750-4778-BEF9-6F9DF96210B5}.Debug|Any CPU.ActiveCfg = Debug|Any CPU
		{10B796E5-A750-4778-BEF9-6F9DF96210B5}.Debug|Any CPU.Build.0 = Debug|Any CPU
		{10B796E5-A750-4778-BEF9-6F9DF96210B5}.Debug|x86.ActiveCfg = Debug|Any CPU
		{10B796E5-A750-4778-BEF9-6F9DF96210B5}.Debug|x86.Build.0 = Debug|Any CPU
		{10B796E5-A750-4778-BEF9-6F9DF96210B5}.Release|Any CPU.ActiveCfg = Release|Any CPU
		{10B796E5-A750-4778-BEF9-6F9DF96210B5}.Release|Any CPU.Build.0 = Release|Any CPU
		{10B796E5-A750-4778-BEF9-6F9DF96210B5}.Release|x86.ActiveCfg = Release|Any CPU
		{10B796E5-A750-4778-BEF9-6F9DF96210B5}.Release|x86.Build.0 = Release|Any CPU
		{846E3BC1-1D47-4A33-9D52-17E4B6E5DF1F}.Debug|Any CPU.ActiveCfg = Debug|Any CPU
		{846E3BC1-1D47-4A33-9D52-17E4B6E5DF1F}.Debug|Any CPU.Build.0 = Debug|Any CPU
		{846E3BC1-1D47-4A33-9D52-17E4B6E5DF1F}.Debug|x86.ActiveCfg = Debug|Any CPU
		{846E3BC1-1D47-4A33-9D52-17E4B6E5DF1F}.Debug|x86.Build.0 = Debug|Any CPU
		{846E3BC1-1D47-4A33-9D52-17E4B6E5DF1F}.Release|Any CPU.ActiveCfg = Release|Any CPU
		{846E3BC1-1D47-4A33-9D52-17E4B6E5DF1F}.Release|Any CPU.Build.0 = Release|Any CPU
		{846E3BC1-1D47-4A33-9D52-17E4B6E5DF1F}.Release|x86.ActiveCfg = Release|Any CPU
		{846E3BC1-1D47-4A33-9D52-17E4B6E5DF1F}.Release|x86.Build.0 = Release|Any CPU
		{17619BF0-C665-495B-9A9F-DB8845F4A6A1}.Debug|Any CPU.ActiveCfg = Debug|Any CPU
		{17619BF0-C665-495B-9A9F-DB8845F4A6A1}.Debug|Any CPU.Build.0 = Debug|Any CPU
		{17619BF0-C665-495B-9A9F-DB8845F4A6A1}.Debug|x86.ActiveCfg = Debug|Any CPU
		{17619BF0-C665-495B-9A9F-DB8845F4A6A1}.Debug|x86.Build.0 = Debug|Any CPU
		{17619BF0-C665-495B-9A9F-DB8845F4A6A1}.Release|Any CPU.ActiveCfg = Release|Any CPU
		{17619BF0-C665-495B-9A9F-DB8845F4A6A1}.Release|Any CPU.Build.0 = Release|Any CPU
		{17619BF0-C665-495B-9A9F-DB8845F4A6A1}.Release|x86.ActiveCfg = Release|Any CPU
		{17619BF0-C665-495B-9A9F-DB8845F4A6A1}.Release|x86.Build.0 = Release|Any CPU
	EndGlobalSection
	GlobalSection(SolutionProperties) = preSolution
		HideSolutionNode = FALSE
	EndGlobalSection
	GlobalSection(ExtensibilityGlobals) = postSolution
		SolutionGuid = {171E6846-A476-4EEF-ADCA-533F07AE4CEF}
	EndGlobalSection
EndGlobal
